// !$*UTF8*$!
{
	archiveVersion = 1;
	classes = {
	};
	objectVersion = 46;
	objects = {

/* Begin PBXBuildFile section */
		231B3BBF1F065B7600F962A1 /* CalendarController.swift in Sources */ = {isa = PBXBuildFile; fileRef = 231B3BBE1F065B7600F962A1 /* CalendarController.swift */; };
		23337ABC1F056599006EC37E /* AlertController.swift in Sources */ = {isa = PBXBuildFile; fileRef = 23337ABB1F056599006EC37E /* AlertController.swift */; };
		23337ABE1F059379006EC37E /* CalendarEventsTableViewController.swift in Sources */ = {isa = PBXBuildFile; fileRef = 23337ABD1F059379006EC37E /* CalendarEventsTableViewController.swift */; };
		233635F21F0793E10005BF5C /* Extensions.swift in Sources */ = {isa = PBXBuildFile; fileRef = 233635F11F0793E10005BF5C /* Extensions.swift */; };
		233635F41F07A0880005BF5C /* CalendarEvent.swift in Sources */ = {isa = PBXBuildFile; fileRef = 233635F31F07A0880005BF5C /* CalendarEvent.swift */; };
		233635F61F07D08F0005BF5C /* DetailViewController.swift in Sources */ = {isa = PBXBuildFile; fileRef = 233635F51F07D08F0005BF5C /* DetailViewController.swift */; };
		233635F81F07D25D0005BF5C /* Constants.swift in Sources */ = {isa = PBXBuildFile; fileRef = 233635F71F07D25D0005BF5C /* Constants.swift */; };
		233635FA1F07E6D00005BF5C /* LoginController.swift in Sources */ = {isa = PBXBuildFile; fileRef = 233635F91F07E6D00005BF5C /* LoginController.swift */; };
		233635FC1F08BEFE0005BF5C /* DetailController.swift in Sources */ = {isa = PBXBuildFile; fileRef = 233635FB1F08BEFE0005BF5C /* DetailController.swift */; };
		2357BEDC1F055CF80015A34A /* GoogleService-Info.plist in Resources */ = {isa = PBXBuildFile; fileRef = 2357BEDB1F055CF80015A34A /* GoogleService-Info.plist */; };
		23ABF9011F067CBD009AC915 /* CalendarEventTableViewCell.swift in Sources */ = {isa = PBXBuildFile; fileRef = 23ABF9001F067CBD009AC915 /* CalendarEventTableViewCell.swift */; };
		23FBD8771F055B9600672907 /* AppDelegate.swift in Sources */ = {isa = PBXBuildFile; fileRef = 23FBD8761F055B9600672907 /* AppDelegate.swift */; };
		23FBD8791F055B9600672907 /* LoginViewController.swift in Sources */ = {isa = PBXBuildFile; fileRef = 23FBD8781F055B9600672907 /* LoginViewController.swift */; };
		23FBD87C1F055B9600672907 /* Main.storyboard in Resources */ = {isa = PBXBuildFile; fileRef = 23FBD87A1F055B9600672907 /* Main.storyboard */; };
		23FBD87E1F055B9600672907 /* Assets.xcassets in Resources */ = {isa = PBXBuildFile; fileRef = 23FBD87D1F055B9600672907 /* Assets.xcassets */; };
		23FBD8811F055B9600672907 /* LaunchScreen.storyboard in Resources */ = {isa = PBXBuildFile; fileRef = 23FBD87F1F055B9600672907 /* LaunchScreen.storyboard */; };
		26D9ACBCB56F2EC5F23F10E5 /* Pods_Instantgo.framework in Frameworks */ = {isa = PBXBuildFile; fileRef = A0CB388DC494DC6217196AE8 /* Pods_Instantgo.framework */; };
/* End PBXBuildFile section */

/* Begin PBXFileReference section */
		231B3BBE1F065B7600F962A1 /* CalendarController.swift */ = {isa = PBXFileReference; fileEncoding = 4; lastKnownFileType = sourcecode.swift; path = CalendarController.swift; sourceTree = "<group>"; };
		23337ABB1F056599006EC37E /* AlertController.swift */ = {isa = PBXFileReference; fileEncoding = 4; lastKnownFileType = sourcecode.swift; path = AlertController.swift; sourceTree = "<group>"; };
		23337ABD1F059379006EC37E /* CalendarEventsTableViewController.swift */ = {isa = PBXFileReference; fileEncoding = 4; lastKnownFileType = sourcecode.swift; path = CalendarEventsTableViewController.swift; sourceTree = "<group>"; };
		233635F11F0793E10005BF5C /* Extensions.swift */ = {isa = PBXFileReference; fileEncoding = 4; lastKnownFileType = sourcecode.swift; path = Extensions.swift; sourceTree = "<group>"; };
		233635F31F07A0880005BF5C /* CalendarEvent.swift */ = {isa = PBXFileReference; fileEncoding = 4; lastKnownFileType = sourcecode.swift; path = CalendarEvent.swift; sourceTree = "<group>"; };
		233635F51F07D08F0005BF5C /* DetailViewController.swift */ = {isa = PBXFileReference; fileEncoding = 4; lastKnownFileType = sourcecode.swift; path = DetailViewController.swift; sourceTree = "<group>"; };
		233635F71F07D25D0005BF5C /* Constants.swift */ = {isa = PBXFileReference; fileEncoding = 4; lastKnownFileType = sourcecode.swift; path = Constants.swift; sourceTree = "<group>"; };
		233635F91F07E6D00005BF5C /* LoginController.swift */ = {isa = PBXFileReference; fileEncoding = 4; lastKnownFileType = sourcecode.swift; path = LoginController.swift; sourceTree = "<group>"; };
		233635FB1F08BEFE0005BF5C /* DetailController.swift */ = {isa = PBXFileReference; fileEncoding = 4; lastKnownFileType = sourcecode.swift; path = DetailController.swift; sourceTree = "<group>"; };
		2357BEDB1F055CF80015A34A /* GoogleService-Info.plist */ = {isa = PBXFileReference; fileEncoding = 4; lastKnownFileType = text.plist.xml; path = "GoogleService-Info.plist"; sourceTree = "<group>"; };
		23ABF9001F067CBD009AC915 /* CalendarEventTableViewCell.swift */ = {isa = PBXFileReference; fileEncoding = 4; lastKnownFileType = sourcecode.swift; path = CalendarEventTableViewCell.swift; sourceTree = "<group>"; };
		23FBD8731F055B9600672907 /* Instantgo.app */ = {isa = PBXFileReference; explicitFileType = wrapper.application; includeInIndex = 0; path = Instantgo.app; sourceTree = BUILT_PRODUCTS_DIR; };
		23FBD8761F055B9600672907 /* AppDelegate.swift */ = {isa = PBXFileReference; lastKnownFileType = sourcecode.swift; path = AppDelegate.swift; sourceTree = "<group>"; };
		23FBD8781F055B9600672907 /* LoginViewController.swift */ = {isa = PBXFileReference; lastKnownFileType = sourcecode.swift; path = LoginViewController.swift; sourceTree = "<group>"; };
		23FBD87B1F055B9600672907 /* Base */ = {isa = PBXFileReference; lastKnownFileType = file.storyboard; name = Base; path = Base.lproj/Main.storyboard; sourceTree = "<group>"; };
		23FBD87D1F055B9600672907 /* Assets.xcassets */ = {isa = PBXFileReference; lastKnownFileType = folder.assetcatalog; path = Assets.xcassets; sourceTree = "<group>"; };
		23FBD8801F055B9600672907 /* Base */ = {isa = PBXFileReference; lastKnownFileType = file.storyboard; name = Base; path = Base.lproj/LaunchScreen.storyboard; sourceTree = "<group>"; };
		23FBD8821F055B9600672907 /* Info.plist */ = {isa = PBXFileReference; lastKnownFileType = text.plist.xml; path = Info.plist; sourceTree = "<group>"; };
		63C9EDCDD62252D5B6A9C2DD /* Pods-Instantgo.debug.xcconfig */ = {isa = PBXFileReference; includeInIndex = 1; lastKnownFileType = text.xcconfig; name = "Pods-Instantgo.debug.xcconfig"; path = "Pods/Target Support Files/Pods-Instantgo/Pods-Instantgo.debug.xcconfig"; sourceTree = "<group>"; };
		A0CB388DC494DC6217196AE8 /* Pods_Instantgo.framework */ = {isa = PBXFileReference; explicitFileType = wrapper.framework; includeInIndex = 0; path = Pods_Instantgo.framework; sourceTree = BUILT_PRODUCTS_DIR; };
		BBF55C26C46A29105952FBC1 /* Pods-Instantgo.release.xcconfig */ = {isa = PBXFileReference; includeInIndex = 1; lastKnownFileType = text.xcconfig; name = "Pods-Instantgo.release.xcconfig"; path = "Pods/Target Support Files/Pods-Instantgo/Pods-Instantgo.release.xcconfig"; sourceTree = "<group>"; };
/* End PBXFileReference section */

/* Begin PBXFrameworksBuildPhase section */
		23FBD8701F055B9600672907 /* Frameworks */ = {
			isa = PBXFrameworksBuildPhase;
			buildActionMask = 2147483647;
			files = (
				26D9ACBCB56F2EC5F23F10E5 /* Pods_Instantgo.framework in Frameworks */,
			);
			runOnlyForDeploymentPostprocessing = 0;
		};
/* End PBXFrameworksBuildPhase section */

/* Begin PBXGroup section */
		23FBD86A1F055B9600672907 = {
			isa = PBXGroup;
			children = (
				23FBD8751F055B9600672907 /* Instantgo */,
				23FBD8741F055B9600672907 /* Products */,
				5A45953783D5CA12757AD283 /* Pods */,
				555A6E1DAFD60B1D986B4197 /* Frameworks */,
			);
			sourceTree = "<group>";
		};
		23FBD8741F055B9600672907 /* Products */ = {
			isa = PBXGroup;
			children = (
				23FBD8731F055B9600672907 /* Instantgo.app */,
			);
			name = Products;
			sourceTree = "<group>";
		};
		23FBD8751F055B9600672907 /* Instantgo */ = {
			isa = PBXGroup;
			children = (
				23FBD8761F055B9600672907 /* AppDelegate.swift */,
				23337ABB1F056599006EC37E /* AlertController.swift */,
				23FBD8781F055B9600672907 /* LoginViewController.swift */,
				233635F91F07E6D00005BF5C /* LoginController.swift */,
				23337ABD1F059379006EC37E /* CalendarEventsTableViewController.swift */,
				23ABF9001F067CBD009AC915 /* CalendarEventTableViewCell.swift */,
				231B3BBE1F065B7600F962A1 /* CalendarController.swift */,
				233635F51F07D08F0005BF5C /* DetailViewController.swift */,
				233635FB1F08BEFE0005BF5C /* DetailController.swift */,
				233635F31F07A0880005BF5C /* CalendarEvent.swift */,
				233635F11F0793E10005BF5C /* Extensions.swift */,
				233635F71F07D25D0005BF5C /* Constants.swift */,
				23FBD87A1F055B9600672907 /* Main.storyboard */,
				23FBD87D1F055B9600672907 /* Assets.xcassets */,
				23FBD87F1F055B9600672907 /* LaunchScreen.storyboard */,
				23FBD8821F055B9600672907 /* Info.plist */,
				2357BEDB1F055CF80015A34A /* GoogleService-Info.plist */,
			);
			path = Instantgo;
			sourceTree = "<group>";
		};
		555A6E1DAFD60B1D986B4197 /* Frameworks */ = {
			isa = PBXGroup;
			children = (
				A0CB388DC494DC6217196AE8 /* Pods_Instantgo.framework */,
			);
			name = Frameworks;
			sourceTree = "<group>";
		};
		5A45953783D5CA12757AD283 /* Pods */ = {
			isa = PBXGroup;
			children = (
				63C9EDCDD62252D5B6A9C2DD /* Pods-Instantgo.debug.xcconfig */,
				BBF55C26C46A29105952FBC1 /* Pods-Instantgo.release.xcconfig */,
			);
			name = Pods;
			sourceTree = "<group>";
		};
/* End PBXGroup section */

/* Begin PBXNativeTarget section */
		23FBD8721F055B9600672907 /* Instantgo */ = {
			isa = PBXNativeTarget;
			buildConfigurationList = 23FBD8851F055B9600672907 /* Build configuration list for PBXNativeTarget "Instantgo" */;
			buildPhases = (
				ED9F82A77547B3470125C134 /* [CP] Check Pods Manifest.lock */,
				23FBD86F1F055B9600672907 /* Sources */,
				23FBD8701F055B9600672907 /* Frameworks */,
				23FBD8711F055B9600672907 /* Resources */,
				9A0A4D8FF63C2D98712C5635 /* [CP] Embed Pods Frameworks */,
				55CD5D65A555234E88711F41 /* [CP] Copy Pods Resources */,
			);
			buildRules = (
			);
			dependencies = (
			);
			name = Instantgo;
			productName = Instantgo;
			productReference = 23FBD8731F055B9600672907 /* Instantgo.app */;
			productType = "com.apple.product-type.application";
		};
/* End PBXNativeTarget section */

/* Begin PBXProject section */
		23FBD86B1F055B9600672907 /* Project object */ = {
			isa = PBXProject;
			attributes = {
				LastSwiftUpdateCheck = 0830;
				LastUpgradeCheck = 0830;
				ORGANIZATIONNAME = "Jose A. Herran";
				TargetAttributes = {
					23FBD8721F055B9600672907 = {
						CreatedOnToolsVersion = 8.3.3;
						DevelopmentTeam = ZBJBUEGSZF;
						ProvisioningStyle = Automatic;
					};
				};
			};
			buildConfigurationList = 23FBD86E1F055B9600672907 /* Build configuration list for PBXProject "Instantgo" */;
			compatibilityVersion = "Xcode 3.2";
			developmentRegion = English;
			hasScannedForEncodings = 0;
			knownRegions = (
				en,
				Base,
			);
			mainGroup = 23FBD86A1F055B9600672907;
			productRefGroup = 23FBD8741F055B9600672907 /* Products */;
			projectDirPath = "";
			projectRoot = "";
			targets = (
				23FBD8721F055B9600672907 /* Instantgo */,
			);
		};
/* End PBXProject section */

/* Begin PBXResourcesBuildPhase section */
		23FBD8711F055B9600672907 /* Resources */ = {
			isa = PBXResourcesBuildPhase;
			buildActionMask = 2147483647;
			files = (
				23FBD8811F055B9600672907 /* LaunchScreen.storyboard in Resources */,
				2357BEDC1F055CF80015A34A /* GoogleService-Info.plist in Resources */,
				23FBD87E1F055B9600672907 /* Assets.xcassets in Resources */,
				23FBD87C1F055B9600672907 /* Main.storyboard in Resources */,
			);
			runOnlyForDeploymentPostprocessing = 0;
		};
/* End PBXResourcesBuildPhase section */

/* Begin PBXShellScriptBuildPhase section */
		55CD5D65A555234E88711F41 /* [CP] Copy Pods Resources */ = {
			isa = PBXShellScriptBuildPhase;
			buildActionMask = 2147483647;
			files = (
			);
			inputPaths = (
			);
			name = "[CP] Copy Pods Resources";
			outputPaths = (
			);
			runOnlyForDeploymentPostprocessing = 0;
			shellPath = /bin/sh;
			shellScript = "\"${SRCROOT}/Pods/Target Support Files/Pods-Instantgo/Pods-Instantgo-resources.sh\"\n";
			showEnvVarsInLog = 0;
		};
		9A0A4D8FF63C2D98712C5635 /* [CP] Embed Pods Frameworks */ = {
			isa = PBXShellScriptBuildPhase;
			buildActionMask = 2147483647;
			files = (
			);
			inputPaths = (
			);
			name = "[CP] Embed Pods Frameworks";
			outputPaths = (
			);
			runOnlyForDeploymentPostprocessing = 0;
			shellPath = /bin/sh;
			shellScript = "\"${SRCROOT}/Pods/Target Support Files/Pods-Instantgo/Pods-Instantgo-frameworks.sh\"\n";
			showEnvVarsInLog = 0;
		};
		ED9F82A77547B3470125C134 /* [CP] Check Pods Manifest.lock */ = {
			isa = PBXShellScriptBuildPhase;
			buildActionMask = 2147483647;
			files = (
			);
			inputPaths = (
			);
			name = "[CP] Check Pods Manifest.lock";
			outputPaths = (
			);
			runOnlyForDeploymentPostprocessing = 0;
			shellPath = /bin/sh;
			shellScript = "diff \"${PODS_PODFILE_DIR_PATH}/Podfile.lock\" \"${PODS_ROOT}/Manifest.lock\" > /dev/null\nif [ $? != 0 ] ; then\n    # print error to STDERR\n    echo \"error: The sandbox is not in sync with the Podfile.lock. Run 'pod install' or update your CocoaPods installation.\" >&2\n    exit 1\nfi\n";
			showEnvVarsInLog = 0;
		};
/* End PBXShellScriptBuildPhase section */

/* Begin PBXSourcesBuildPhase section */
		23FBD86F1F055B9600672907 /* Sources */ = {
			isa = PBXSourcesBuildPhase;
			buildActionMask = 2147483647;
			files = (
				233635FA1F07E6D00005BF5C /* LoginController.swift in Sources */,
				233635F61F07D08F0005BF5C /* DetailViewController.swift in Sources */,
				23FBD8791F055B9600672907 /* LoginViewController.swift in Sources */,
				23337ABC1F056599006EC37E /* AlertController.swift in Sources */,
				233635FC1F08BEFE0005BF5C /* DetailController.swift in Sources */,
				233635F41F07A0880005BF5C /* CalendarEvent.swift in Sources */,
				23ABF9011F067CBD009AC915 /* CalendarEventTableViewCell.swift in Sources */,
				233635F81F07D25D0005BF5C /* Constants.swift in Sources */,
				231B3BBF1F065B7600F962A1 /* CalendarController.swift in Sources */,
				23FBD8771F055B9600672907 /* AppDelegate.swift in Sources */,
				23337ABE1F059379006EC37E /* CalendarEventsTableViewController.swift in Sources */,
				233635F21F0793E10005BF5C /* Extensions.swift in Sources */,
			);
			runOnlyForDeploymentPostprocessing = 0;
		};
/* End PBXSourcesBuildPhase section */

/* Begin PBXVariantGroup section */
		23FBD87A1F055B9600672907 /* Main.storyboard */ = {
			isa = PBXVariantGroup;
			children = (
				23FBD87B1F055B9600672907 /* Base */,
			);
			name = Main.storyboard;
			sourceTree = "<group>";
		};
		23FBD87F1F055B9600672907 /* LaunchScreen.storyboard */ = {
			isa = PBXVariantGroup;
			children = (
				23FBD8801F055B9600672907 /* Base */,
			);
			name = LaunchScreen.storyboard;
			sourceTree = "<group>";
		};
/* End PBXVariantGroup section */

/* Begin XCBuildConfiguration section */
		23FBD8831F055B9600672907 /* Debug */ = {
			isa = XCBuildConfiguration;
			buildSettings = {
				ALWAYS_SEARCH_USER_PATHS = NO;
				CLANG_ANALYZER_NONNULL = YES;
				CLANG_ANALYZER_NUMBER_OBJECT_CONVERSION = YES_AGGRESSIVE;
				CLANG_CXX_LANGUAGE_STANDARD = "gnu++0x";
				CLANG_CXX_LIBRARY = "libc++";
				CLANG_ENABLE_MODULES = YES;
				CLANG_ENABLE_OBJC_ARC = YES;
				CLANG_WARN_BOOL_CONVERSION = YES;
				CLANG_WARN_CONSTANT_CONVERSION = YES;
				CLANG_WARN_DIRECT_OBJC_ISA_USAGE = YES_ERROR;
				CLANG_WARN_DOCUMENTATION_COMMENTS = YES;
				CLANG_WARN_EMPTY_BODY = YES;
				CLANG_WARN_ENUM_CONVERSION = YES;
				CLANG_WARN_INFINITE_RECURSION = YES;
				CLANG_WARN_INT_CONVERSION = YES;
				CLANG_WARN_OBJC_ROOT_CLASS = YES_ERROR;
				CLANG_WARN_SUSPICIOUS_MOVE = YES;
				CLANG_WARN_UNREACHABLE_CODE = YES;
				CLANG_WARN__DUPLICATE_METHOD_MATCH = YES;
				"CODE_SIGN_IDENTITY[sdk=iphoneos*]" = "iPhone Developer";
				COPY_PHASE_STRIP = NO;
				DEBUG_INFORMATION_FORMAT = dwarf;
				ENABLE_STRICT_OBJC_MSGSEND = YES;
				ENABLE_TESTABILITY = YES;
				GCC_C_LANGUAGE_STANDARD = gnu99;
				GCC_DYNAMIC_NO_PIC = NO;
				GCC_NO_COMMON_BLOCKS = YES;
				GCC_OPTIMIZATION_LEVEL = 0;
				GCC_PREPROCESSOR_DEFINITIONS = (
					"DEBUG=1",
					"$(inherited)",
				);
				GCC_WARN_64_TO_32_BIT_CONVERSION = YES;
				GCC_WARN_ABOUT_RETURN_TYPE = YES_ERROR;
				GCC_WARN_UNDECLARED_SELECTOR = YES;
				GCC_WARN_UNINITIALIZED_AUTOS = YES_AGGRESSIVE;
				GCC_WARN_UNUSED_FUNCTION = YES;
				GCC_WARN_UNUSED_VARIABLE = YES;
				IPHONEOS_DEPLOYMENT_TARGET = 10.3;
				MTL_ENABLE_DEBUG_INFO = YES;
				ONLY_ACTIVE_ARCH = YES;
				SDKROOT = iphoneos;
				SWIFT_ACTIVE_COMPILATION_CONDITIONS = DEBUG;
				SWIFT_OPTIMIZATION_LEVEL = "-Onone";
				TARGETED_DEVICE_FAMILY = "1,2";
			};
			name = Debug;
		};
		23FBD8841F055B9600672907 /* Release */ = {
			isa = XCBuildConfiguration;
			buildSettings = {
				ALWAYS_SEARCH_USER_PATHS = NO;
				CLANG_ANALYZER_NONNULL = YES;
				CLANG_ANALYZER_NUMBER_OBJECT_CONVERSION = YES_AGGRESSIVE;
				CLANG_CXX_LANGUAGE_STANDARD = "gnu++0x";
				CLANG_CXX_LIBRARY = "libc++";
				CLANG_ENABLE_MODULES = YES;
				CLANG_ENABLE_OBJC_ARC = YES;
				CLANG_WARN_BOOL_CONVERSION = YES;
				CLANG_WARN_CONSTANT_CONVERSION = YES;
				CLANG_WARN_DIRECT_OBJC_ISA_USAGE = YES_ERROR;
				CLANG_WARN_DOCUMENTATION_COMMENTS = YES;
				CLANG_WARN_EMPTY_BODY = YES;
				CLANG_WARN_ENUM_CONVERSION = YES;
				CLANG_WARN_INFINITE_RECURSION = YES;
				CLANG_WARN_INT_CONVERSION = YES;
				CLANG_WARN_OBJC_ROOT_CLASS = YES_ERROR;
				CLANG_WARN_SUSPICIOUS_MOVE = YES;
				CLANG_WARN_UNREACHABLE_CODE = YES;
				CLANG_WARN__DUPLICATE_METHOD_MATCH = YES;
				"CODE_SIGN_IDENTITY[sdk=iphoneos*]" = "iPhone Developer";
				COPY_PHASE_STRIP = NO;
				DEBUG_INFORMATION_FORMAT = "dwarf-with-dsym";
				ENABLE_NS_ASSERTIONS = NO;
				ENABLE_STRICT_OBJC_MSGSEND = YES;
				GCC_C_LANGUAGE_STANDARD = gnu99;
				GCC_NO_COMMON_BLOCKS = YES;
				GCC_WARN_64_TO_32_BIT_CONVERSION = YES;
				GCC_WARN_ABOUT_RETURN_TYPE = YES_ERROR;
				GCC_WARN_UNDECLARED_SELECTOR = YES;
				GCC_WARN_UNINITIALIZED_AUTOS = YES_AGGRESSIVE;
				GCC_WARN_UNUSED_FUNCTION = YES;
				GCC_WARN_UNUSED_VARIABLE = YES;
				IPHONEOS_DEPLOYMENT_TARGET = 10.3;
				MTL_ENABLE_DEBUG_INFO = NO;
				SDKROOT = iphoneos;
				SWIFT_OPTIMIZATION_LEVEL = "-Owholemodule";
				TARGETED_DEVICE_FAMILY = "1,2";
				VALIDATE_PRODUCT = YES;
			};
			name = Release;
		};
		23FBD8861F055B9600672907 /* Debug */ = {
			isa = XCBuildConfiguration;
			baseConfigurationReference = 63C9EDCDD62252D5B6A9C2DD /* Pods-Instantgo.debug.xcconfig */;
			buildSettings = {
				ASSETCATALOG_COMPILER_APPICON_NAME = AppIcon;
				DEVELOPMENT_TEAM = ZBJBUEGSZF;
				INFOPLIST_FILE = Instantgo/Info.plist;
				LD_RUNPATH_SEARCH_PATHS = "$(inherited) @executable_path/Frameworks";
				PRODUCT_BUNDLE_IDENTIFIER = com.jherran.Instantgo;
				PRODUCT_NAME = "$(TARGET_NAME)";
				SWIFT_VERSION = 3.0;
			};
			name = Debug;
		};
		23FBD8871F055B9600672907 /* Release */ = {
			isa = XCBuildConfiguration;
			baseConfigurationReference = BBF55C26C46A29105952FBC1 /* Pods-Instantgo.release.xcconfig */;
			buildSettings = {
				ASSETCATALOG_COMPILER_APPICON_NAME = AppIcon;
				DEVELOPMENT_TEAM = ZBJBUEGSZF;
				INFOPLIST_FILE = Instantgo/Info.plist;
				LD_RUNPATH_SEARCH_PATHS = "$(inherited) @executable_path/Frameworks";
				PRODUCT_BUNDLE_IDENTIFIER = com.jherran.Instantgo;
				PRODUCT_NAME = "$(TARGET_NAME)";
				SWIFT_VERSION = 3.0;
			};
			name = Release;
		};
/* End XCBuildConfiguration section */

/* Begin XCConfigurationList section */
		23FBD86E1F055B9600672907 /* Build configuration list for PBXProject "Instantgo" */ = {
			isa = XCConfigurationList;
			buildConfigurations = (
				23FBD8831F055B9600672907 /* Debug */,
				23FBD8841F055B9600672907 /* Release */,
			);
			defaultConfigurationIsVisible = 0;
			defaultConfigurationName = Release;
		};
		23FBD8851F055B9600672907 /* Build configuration list for PBXNativeTarget "Instantgo" */ = {
			isa = XCConfigurationList;
			buildConfigurations = (
				23FBD8861F055B9600672907 /* Debug */,
				23FBD8871F055B9600672907 /* Release */,
			);
			defaultConfigurationIsVisible = 0;
			defaultConfigurationName = Release;
		};
/* End XCConfigurationList section */
	};
	rootObject = 23FBD86B1F055B9600672907 /* Project object */;
}
